
Microsoft Visual Studio Solution File, Format Version 12.00
Project("{FAE04EC0-301F-11D3-BF4B-00C04F79EFBC}") = "Semester1_25-26", "Semester1_25-26\Semester1_25-26.csproj", "{F51AF94A-71EB-4923-95B6-0AD409676575}"
EndProject
Project("{FAE04EC0-301F-11D3-BF4B-00C04F79EFBC}") = "Multithreading_Example", "Multithreading_Example\Multithreading_Example.csproj", "{89062BAD-C004-4BDE-8F3A-026E38B489D5}"
EndProject
Project("{FAE04EC0-301F-11D3-BF4B-00C04F79EFBC}") = "Thread-Safety", "Thread-Safety\Thread-Safety.csproj", "{D16F5B95-D598-4A9F-93DC-201BE3501C45}"
EndProject
Project("{FAE04EC0-301F-11D3-BF4B-00C04F79EFBC}") = "TrainSim", "TrainSim\TrainSim.csproj", "{14B1442C-B4EF-4DB7-BEC9-2E1830017D0D}"
EndProject
Project("{FAE04EC0-301F-11D3-BF4B-00C04F79EFBC}") = "Async_Blazor", "Async_Blazor\Async_Blazor.csproj", "{853C2DBC-B3DC-48A4-A49A-536A46520A85}"
EndProject
Project("{FAE04EC0-301F-11D3-BF4B-00C04F79EFBC}") = "Async_Blazor_Server", "Async_Blazor_Server\Async_Blazor_Server.csproj", "{1D8F8009-3F50-4E36-9DCF-39E56254DFBF}"
EndProject
Project("{FAE04EC0-301F-11D3-BF4B-00C04F79EFBC}") = "Sockets", "Sockets\Sockets.csproj", "{50FC1CDA-59DF-486F-9F21-A85BECCABD34}"
EndProject
Project("{FAE04EC0-301F-11D3-BF4B-00C04F79EFBC}") = "Socket_Sender", "Socket_Sender\Socket_Sender.csproj", "{DEB3B854-2BA3-48DB-9782-39741C50A3EB}"
EndProject
Project("{FAE04EC0-301F-11D3-BF4B-00C04F79EFBC}") = "ef_introduction", "ef_introduction\ef_introduction.csproj", "{ED004A0F-D4C4-4A53-AC8A-2321630DD62A}"
EndProject
Project("{FAE04EC0-301F-11D3-BF4B-00C04F79EFBC}") = "ef_codeFirst", "ef_codeFirst\ef_codeFirst.csproj", "{6328FA92-7E44-4158-BD66-84EBDEC8214B}"
EndProject
Global
	GlobalSection(SolutionConfigurationPlatforms) = preSolution
		Debug|Any CPU = Debug|Any CPU
		Release|Any CPU = Release|Any CPU
	EndGlobalSection
	GlobalSection(ProjectConfigurationPlatforms) = postSolution
		{F51AF94A-71EB-4923-95B6-0AD409676575}.Debug|Any CPU.ActiveCfg = Debug|Any CPU
		{F51AF94A-71EB-4923-95B6-0AD409676575}.Debug|Any CPU.Build.0 = Debug|Any CPU
		{F51AF94A-71EB-4923-95B6-0AD409676575}.Release|Any CPU.ActiveCfg = Release|Any CPU
		{F51AF94A-71EB-4923-95B6-0AD409676575}.Release|Any CPU.Build.0 = Release|Any CPU
		{89062BAD-C004-4BDE-8F3A-026E38B489D5}.Debug|Any CPU.ActiveCfg = Debug|Any CPU
		{89062BAD-C004-4BDE-8F3A-026E38B489D5}.Debug|Any CPU.Build.0 = Debug|Any CPU
		{89062BAD-C004-4BDE-8F3A-026E38B489D5}.Release|Any CPU.ActiveCfg = Release|Any CPU
		{89062BAD-C004-4BDE-8F3A-026E38B489D5}.Release|Any CPU.Build.0 = Release|Any CPU
		{D16F5B95-D598-4A9F-93DC-201BE3501C45}.Debug|Any CPU.ActiveCfg = Debug|Any CPU
		{D16F5B95-D598-4A9F-93DC-201BE3501C45}.Debug|Any CPU.Build.0 = Debug|Any CPU
		{D16F5B95-D598-4A9F-93DC-201BE3501C45}.Release|Any CPU.ActiveCfg = Release|Any CPU
		{D16F5B95-D598-4A9F-93DC-201BE3501C45}.Release|Any CPU.Build.0 = Release|Any CPU
		{14B1442C-B4EF-4DB7-BEC9-2E1830017D0D}.Debug|Any CPU.ActiveCfg = Debug|Any CPU
		{14B1442C-B4EF-4DB7-BEC9-2E1830017D0D}.Debug|Any CPU.Build.0 = Debug|Any CPU
		{14B1442C-B4EF-4DB7-BEC9-2E1830017D0D}.Release|Any CPU.ActiveCfg = Release|Any CPU
		{14B1442C-B4EF-4DB7-BEC9-2E1830017D0D}.Release|Any CPU.Build.0 = Release|Any CPU
		{853C2DBC-B3DC-48A4-A49A-536A46520A85}.Debug|Any CPU.ActiveCfg = Debug|Any CPU
		{853C2DBC-B3DC-48A4-A49A-536A46520A85}.Debug|Any CPU.Build.0 = Debug|Any CPU
		{853C2DBC-B3DC-48A4-A49A-536A46520A85}.Release|Any CPU.ActiveCfg = Release|Any CPU
		{853C2DBC-B3DC-48A4-A49A-536A46520A85}.Release|Any CPU.Build.0 = Release|Any CPU
		{1D8F8009-3F50-4E36-9DCF-39E56254DFBF}.Debug|Any CPU.ActiveCfg = Debug|Any CPU
		{1D8F8009-3F50-4E36-9DCF-39E56254DFBF}.Debug|Any CPU.Build.0 = Debug|Any CPU
		{1D8F8009-3F50-4E36-9DCF-39E56254DFBF}.Release|Any CPU.ActiveCfg = Release|Any CPU
		{1D8F8009-3F50-4E36-9DCF-39E56254DFBF}.Release|Any CPU.Build.0 = Release|Any CPU
		{50FC1CDA-59DF-486F-9F21-A85BECCABD34}.Debug|Any CPU.ActiveCfg = Debug|Any CPU
		{50FC1CDA-59DF-486F-9F21-A85BECCABD34}.Debug|Any CPU.Build.0 = Debug|Any CPU
		{50FC1CDA-59DF-486F-9F21-A85BECCABD34}.Release|Any CPU.ActiveCfg = Release|Any CPU
		{50FC1CDA-59DF-486F-9F21-A85BECCABD34}.Release|Any CPU.Build.0 = Release|Any CPU
		{DEB3B854-2BA3-48DB-9782-39741C50A3EB}.Debug|Any CPU.ActiveCfg = Debug|Any CPU
		{DEB3B854-2BA3-48DB-9782-39741C50A3EB}.Debug|Any CPU.Build.0 = Debug|Any CPU
		{DEB3B854-2BA3-48DB-9782-39741C50A3EB}.Release|Any CPU.ActiveCfg = Release|Any CPU
		{DEB3B854-2BA3-48DB-9782-39741C50A3EB}.Release|Any CPU.Build.0 = Release|Any CPU
		{ED004A0F-D4C4-4A53-AC8A-2321630DD62A}.Debug|Any CPU.ActiveCfg = Debug|Any CPU
		{ED004A0F-D4C4-4A53-AC8A-2321630DD62A}.Debug|Any CPU.Build.0 = Debug|Any CPU
		{ED004A0F-D4C4-4A53-AC8A-2321630DD62A}.Release|Any CPU.ActiveCfg = Release|Any CPU
		{ED004A0F-D4C4-4A53-AC8A-2321630DD62A}.Release|Any CPU.Build.0 = Release|Any CPU
		{6328FA92-7E44-4158-BD66-84EBDEC8214B}.Debug|Any CPU.ActiveCfg = Debug|Any CPU
		{6328FA92-7E44-4158-BD66-84EBDEC8214B}.Debug|Any CPU.Build.0 = Debug|Any CPU
		{6328FA92-7E44-4158-BD66-84EBDEC8214B}.Release|Any CPU.ActiveCfg = Release|Any CPU
		{6328FA92-7E44-4158-BD66-84EBDEC8214B}.Release|Any CPU.Build.0 = Release|Any CPU
	EndGlobalSection
EndGlobal
