
Microsoft Visual Studio Solution File, Format Version 12.00
Project("{FAE04EC0-301F-11D3-BF4B-00C04F79EFBC}") = "Semester1_25-26", "Semester1_25-26\Semester1_25-26.csproj", "{F51AF94A-71EB-4923-95B6-0AD409676575}"
EndProject
Project("{FAE04EC0-301F-11D3-BF4B-00C04F79EFBC}") = "Multithreading_Example", "Multithreading_Example\Multithreading_Example.csproj", "{89062BAD-C004-4BDE-8F3A-026E38B489D5}"
EndProject
Project("{FAE04EC0-301F-11D3-BF4B-00C04F79EFBC}") = "Thread-Safety", "Thread-Safety\Thread-Safety.csproj", "{D16F5B95-D598-4A9F-93DC-201BE3501C45}"
EndProject
Project("{FAE04EC0-301F-11D3-BF4B-00C04F79EFBC}") = "TrainSim", "TrainSim\TrainSim.csproj", "{14B1442C-B4EF-4DB7-BEC9-2E1830017D0D}"
EndProject
Global
	GlobalSection(SolutionConfigurationPlatforms) = preSolution
		Debug|Any CPU = Debug|Any CPU
		Release|Any CPU = Release|Any CPU
	EndGlobalSection
	GlobalSection(ProjectConfigurationPlatforms) = postSolution
		{F51AF94A-71EB-4923-95B6-0AD409676575}.Debug|Any CPU.ActiveCfg = Debug|Any CPU
		{F51AF94A-71EB-4923-95B6-0AD409676575}.Debug|Any CPU.Build.0 = Debug|Any CPU
		{F51AF94A-71EB-4923-95B6-0AD409676575}.Release|Any CPU.ActiveCfg = Release|Any CPU
		{F51AF94A-71EB-4923-95B6-0AD409676575}.Release|Any CPU.Build.0 = Release|Any CPU
		{89062BAD-C004-4BDE-8F3A-026E38B489D5}.Debug|Any CPU.ActiveCfg = Debug|Any CPU
		{89062BAD-C004-4BDE-8F3A-026E38B489D5}.Debug|Any CPU.Build.0 = Debug|Any CPU
		{89062BAD-C004-4BDE-8F3A-026E38B489D5}.Release|Any CPU.ActiveCfg = Release|Any CPU
		{89062BAD-C004-4BDE-8F3A-026E38B489D5}.Release|Any CPU.Build.0 = Release|Any CPU
		{D16F5B95-D598-4A9F-93DC-201BE3501C45}.Debug|Any CPU.ActiveCfg = Debug|Any CPU
		{D16F5B95-D598-4A9F-93DC-201BE3501C45}.Debug|Any CPU.Build.0 = Debug|Any CPU
		{D16F5B95-D598-4A9F-93DC-201BE3501C45}.Release|Any CPU.ActiveCfg = Release|Any CPU
		{D16F5B95-D598-4A9F-93DC-201BE3501C45}.Release|Any CPU.Build.0 = Release|Any CPU
		{14B1442C-B4EF-4DB7-BEC9-2E1830017D0D}.Debug|Any CPU.ActiveCfg = Debug|Any CPU
		{14B1442C-B4EF-4DB7-BEC9-2E1830017D0D}.Debug|Any CPU.Build.0 = Debug|Any CPU
		{14B1442C-B4EF-4DB7-BEC9-2E1830017D0D}.Release|Any CPU.ActiveCfg = Release|Any CPU
		{14B1442C-B4EF-4DB7-BEC9-2E1830017D0D}.Release|Any CPU.Build.0 = Release|Any CPU
	EndGlobalSection
EndGlobal
